// !$*UTF8*$!
{
	archiveVersion = 1;
	classes = {
	};
	objectVersion = 56;
	objects = {

/* Begin PBXBuildFile section */
		D784BE2F2BBC2B0B001B5246 /* PracticeUIApp.swift in Sources */ = {isa = PBXBuildFile; fileRef = D784BE2E2BBC2B0B001B5246 /* PracticeUIApp.swift */; };
		D784BE312BBC2B0B001B5246 /* ContentView.swift in Sources */ = {isa = PBXBuildFile; fileRef = D784BE302BBC2B0B001B5246 /* ContentView.swift */; };
		D784BE332BBC2B10001B5246 /* Assets.xcassets in Resources */ = {isa = PBXBuildFile; fileRef = D784BE322BBC2B10001B5246 /* Assets.xcassets */; };
		D784BE362BBC2B10001B5246 /* Preview Assets.xcassets in Resources */ = {isa = PBXBuildFile; fileRef = D784BE352BBC2B10001B5246 /* Preview Assets.xcassets */; };
		D784BE3E2BBC2D27001B5246 /* SDWebImageSwiftUI in Frameworks */ = {isa = PBXBuildFile; productRef = D784BE3D2BBC2D27001B5246 /* SDWebImageSwiftUI */; };
		D784BE412BBC2DA1001B5246 /* ImageLoader.swift in Sources */ = {isa = PBXBuildFile; fileRef = D784BE402BBC2DA1001B5246 /* ImageLoader.swift */; };
		D784BE432BBC2DAA001B5246 /* Constants.swift in Sources */ = {isa = PBXBuildFile; fileRef = D784BE422BBC2DAA001B5246 /* Constants.swift */; };
		D784BE462BBC3560001B5246 /* DatabaseHelper.swift in Sources */ = {isa = PBXBuildFile; fileRef = D784BE452BBC3560001B5246 /* DatabaseHelper.swift */; };
		D784BE492BBC357B001B5246 /* Product.swift in Sources */ = {isa = PBXBuildFile; fileRef = D784BE482BBC357B001B5246 /* Product.swift */; };
		D784BE4B2BBC3A83001B5246 /* User.swift in Sources */ = {isa = PBXBuildFile; fileRef = D784BE4A2BBC3A83001B5246 /* User.swift */; };
		D784BE4D2BBC3B29001B5246 /* Quote.swift in Sources */ = {isa = PBXBuildFile; fileRef = D784BE4C2BBC3B29001B5246 /* Quote.swift */; };
		D784BE522BBC3FA6001B5246 /* SwiftfulUI in Frameworks */ = {isa = PBXBuildFile; productRef = D784BE512BBC3FA6001B5246 /* SwiftfulUI */; };
		D784BE552BBC3FCB001B5246 /* SwiftfulRouting in Frameworks */ = {isa = PBXBuildFile; productRef = D784BE542BBC3FCB001B5246 /* SwiftfulRouting */; };
		D784BE5A2BBD5308001B5246 /* SpotifyHome.swift in Sources */ = {isa = PBXBuildFile; fileRef = D784BE592BBD5308001B5246 /* SpotifyHome.swift */; };
		D784BE5C2BBD5E21001B5246 /* SpotifyCategoryCell.swift in Sources */ = {isa = PBXBuildFile; fileRef = D784BE5B2BBD5E21001B5246 /* SpotifyCategoryCell.swift */; };
		D784BE5F2BBD6098001B5246 /* Category.swift in Sources */ = {isa = PBXBuildFile; fileRef = D784BE5E2BBD6097001B5246 /* Category.swift */; };
		D784BE612BBD92C0001B5246 /* SpotifyRecentCell.swift in Sources */ = {isa = PBXBuildFile; fileRef = D784BE602BBD92C0001B5246 /* SpotifyRecentCell.swift */; };
		D784BE672BC14D3B001B5246 /* MainView.swift in Sources */ = {isa = PBXBuildFile; fileRef = D784BE662BC14D3B001B5246 /* MainView.swift */; };
		D784BE692BC18F5B001B5246 /* SpotifyNewReleaseCell.swift in Sources */ = {isa = PBXBuildFile; fileRef = D784BE682BC18F5B001B5246 /* SpotifyNewReleaseCell.swift */; };
		D784BE852BCE892C001B5246 /* ImageTitleRowCell.swift in Sources */ = {isa = PBXBuildFile; fileRef = D784BE842BCE892C001B5246 /* ImageTitleRowCell.swift */; };
		D784BE872BCEA591001B5246 /* SpotifyPlaylistView.swift in Sources */ = {isa = PBXBuildFile; fileRef = D784BE862BCEA591001B5246 /* SpotifyPlaylistView.swift */; };
		D784BE892BCEA5C9001B5246 /* PlaylistHeaderCell.swift in Sources */ = {isa = PBXBuildFile; fileRef = D784BE882BCEA5C9001B5246 /* PlaylistHeaderCell.swift */; };
		D784BE8B2BCEAFD3001B5246 /* PlaylistDescriptionCell.swift in Sources */ = {isa = PBXBuildFile; fileRef = D784BE8A2BCEAFD3001B5246 /* PlaylistDescriptionCell.swift */; };
		D784BE8D2BCEC1A5001B5246 /* SongRowCell.swift in Sources */ = {isa = PBXBuildFile; fileRef = D784BE8C2BCEC1A5001B5246 /* SongRowCell.swift */; };
		D784BE922BCFCC01001B5246 /* BumbleHomeView.swift in Sources */ = {isa = PBXBuildFile; fileRef = D784BE912BCFCC01001B5246 /* BumbleHomeView.swift */; };
		D784BE942BCFD140001B5246 /* BumbleFilterView.swift in Sources */ = {isa = PBXBuildFile; fileRef = D784BE932BCFD140001B5246 /* BumbleFilterView.swift */; };
/* End PBXBuildFile section */

/* Begin PBXFileReference section */
		D784BE2B2BBC2B0B001B5246 /* PracticeUI.app */ = {isa = PBXFileReference; explicitFileType = wrapper.application; includeInIndex = 0; path = PracticeUI.app; sourceTree = BUILT_PRODUCTS_DIR; };
		D784BE2E2BBC2B0B001B5246 /* PracticeUIApp.swift */ = {isa = PBXFileReference; lastKnownFileType = sourcecode.swift; path = PracticeUIApp.swift; sourceTree = "<group>"; };
		D784BE302BBC2B0B001B5246 /* ContentView.swift */ = {isa = PBXFileReference; lastKnownFileType = sourcecode.swift; path = ContentView.swift; sourceTree = "<group>"; };
		D784BE322BBC2B10001B5246 /* Assets.xcassets */ = {isa = PBXFileReference; lastKnownFileType = folder.assetcatalog; path = Assets.xcassets; sourceTree = "<group>"; };
		D784BE352BBC2B10001B5246 /* Preview Assets.xcassets */ = {isa = PBXFileReference; lastKnownFileType = folder.assetcatalog; path = "Preview Assets.xcassets"; sourceTree = "<group>"; };
		D784BE402BBC2DA1001B5246 /* ImageLoader.swift */ = {isa = PBXFileReference; lastKnownFileType = sourcecode.swift; path = ImageLoader.swift; sourceTree = "<group>"; };
		D784BE422BBC2DAA001B5246 /* Constants.swift */ = {isa = PBXFileReference; lastKnownFileType = sourcecode.swift; path = Constants.swift; sourceTree = "<group>"; };
		D784BE452BBC3560001B5246 /* DatabaseHelper.swift */ = {isa = PBXFileReference; lastKnownFileType = sourcecode.swift; path = DatabaseHelper.swift; sourceTree = "<group>"; };
		D784BE482BBC357B001B5246 /* Product.swift */ = {isa = PBXFileReference; lastKnownFileType = sourcecode.swift; path = Product.swift; sourceTree = "<group>"; };
		D784BE4A2BBC3A83001B5246 /* User.swift */ = {isa = PBXFileReference; lastKnownFileType = sourcecode.swift; path = User.swift; sourceTree = "<group>"; };
		D784BE4C2BBC3B29001B5246 /* Quote.swift */ = {isa = PBXFileReference; lastKnownFileType = sourcecode.swift; path = Quote.swift; sourceTree = "<group>"; };
		D784BE592BBD5308001B5246 /* SpotifyHome.swift */ = {isa = PBXFileReference; lastKnownFileType = sourcecode.swift; path = SpotifyHome.swift; sourceTree = "<group>"; };
		D784BE5B2BBD5E21001B5246 /* SpotifyCategoryCell.swift */ = {isa = PBXFileReference; lastKnownFileType = sourcecode.swift; path = SpotifyCategoryCell.swift; sourceTree = "<group>"; };
		D784BE5E2BBD6097001B5246 /* Category.swift */ = {isa = PBXFileReference; lastKnownFileType = sourcecode.swift; path = Category.swift; sourceTree = "<group>"; };
		D784BE602BBD92C0001B5246 /* SpotifyRecentCell.swift */ = {isa = PBXFileReference; lastKnownFileType = sourcecode.swift; path = SpotifyRecentCell.swift; sourceTree = "<group>"; };
		D784BE662BC14D3B001B5246 /* MainView.swift */ = {isa = PBXFileReference; lastKnownFileType = sourcecode.swift; path = MainView.swift; sourceTree = "<group>"; };
		D784BE682BC18F5B001B5246 /* SpotifyNewReleaseCell.swift */ = {isa = PBXFileReference; lastKnownFileType = sourcecode.swift; path = SpotifyNewReleaseCell.swift; sourceTree = "<group>"; };
		D784BE842BCE892C001B5246 /* ImageTitleRowCell.swift */ = {isa = PBXFileReference; lastKnownFileType = sourcecode.swift; path = ImageTitleRowCell.swift; sourceTree = "<group>"; };
		D784BE862BCEA591001B5246 /* SpotifyPlaylistView.swift */ = {isa = PBXFileReference; lastKnownFileType = sourcecode.swift; path = SpotifyPlaylistView.swift; sourceTree = "<group>"; };
		D784BE882BCEA5C9001B5246 /* PlaylistHeaderCell.swift */ = {isa = PBXFileReference; lastKnownFileType = sourcecode.swift; path = PlaylistHeaderCell.swift; sourceTree = "<group>"; };
		D784BE8A2BCEAFD3001B5246 /* PlaylistDescriptionCell.swift */ = {isa = PBXFileReference; lastKnownFileType = sourcecode.swift; path = PlaylistDescriptionCell.swift; sourceTree = "<group>"; };
		D784BE8C2BCEC1A5001B5246 /* SongRowCell.swift */ = {isa = PBXFileReference; lastKnownFileType = sourcecode.swift; name = SongRowCell.swift; path = PracticeUI/Spotify/Components/SongRowCell.swift; sourceTree = SOURCE_ROOT; };
		D784BE912BCFCC01001B5246 /* BumbleHomeView.swift */ = {isa = PBXFileReference; lastKnownFileType = sourcecode.swift; path = BumbleHomeView.swift; sourceTree = "<group>"; };
		D784BE932BCFD140001B5246 /* BumbleFilterView.swift */ = {isa = PBXFileReference; lastKnownFileType = sourcecode.swift; path = BumbleFilterView.swift; sourceTree = "<group>"; };
/* End PBXFileReference section */

/* Begin PBXFrameworksBuildPhase section */
		D784BE282BBC2B0B001B5246 /* Frameworks */ = {
			isa = PBXFrameworksBuildPhase;
			buildActionMask = 2147483647;
			files = (
				D784BE522BBC3FA6001B5246 /* SwiftfulUI in Frameworks */,
				D784BE552BBC3FCB001B5246 /* SwiftfulRouting in Frameworks */,
				D784BE3E2BBC2D27001B5246 /* SDWebImageSwiftUI in Frameworks */,
			);
			runOnlyForDeploymentPostprocessing = 0;
		};
/* End PBXFrameworksBuildPhase section */

/* Begin PBXGroup section */
		D784BE222BBC2B0B001B5246 = {
			isa = PBXGroup;
			children = (
				D784BE2D2BBC2B0B001B5246 /* PracticeUI */,
				D784BE2C2BBC2B0B001B5246 /* Products */,
			);
			sourceTree = "<group>";
		};
		D784BE2C2BBC2B0B001B5246 /* Products */ = {
			isa = PBXGroup;
			children = (
				D784BE2B2BBC2B0B001B5246 /* PracticeUI.app */,
			);
			name = Products;
			sourceTree = "<group>";
		};
		D784BE2D2BBC2B0B001B5246 /* PracticeUI */ = {
			isa = PBXGroup;
			children = (
				D784BE4E2BBC3B6D001B5246 /* App */,
				D784BE652BC14D2D001B5246 /* Modal */,
				D784BE322BBC2B10001B5246 /* Assets.xcassets */,
				D784BE302BBC2B0B001B5246 /* ContentView.swift */,
				D784BE472BBC3570001B5246 /* Model */,
				D784BE342BBC2B10001B5246 /* Preview Content */,
				D784BE4F2BBC3B8A001B5246 /* Service */,
				D784BE3F2BBC2D91001B5246 /* Shared */,
				D784BE8E2BCFCA97001B5246 /* Bumble */,
				D784BE562BBD52EA001B5246 /* Spotify */,
			);
			path = PracticeUI;
			sourceTree = "<group>";
		};
		D784BE342BBC2B10001B5246 /* Preview Content */ = {
			isa = PBXGroup;
			children = (
				D784BE352BBC2B10001B5246 /* Preview Assets.xcassets */,
			);
			path = "Preview Content";
			sourceTree = "<group>";
		};
		D784BE3F2BBC2D91001B5246 /* Shared */ = {
			isa = PBXGroup;
			children = (
				D784BE402BBC2DA1001B5246 /* ImageLoader.swift */,
				D784BE422BBC2DAA001B5246 /* Constants.swift */,
			);
			path = Shared;
			sourceTree = "<group>";
		};
		D784BE472BBC3570001B5246 /* Model */ = {
			isa = PBXGroup;
			children = (
				D784BE482BBC357B001B5246 /* Product.swift */,
				D784BE4A2BBC3A83001B5246 /* User.swift */,
				D784BE4C2BBC3B29001B5246 /* Quote.swift */,
			);
			path = Model;
			sourceTree = "<group>";
		};
		D784BE4E2BBC3B6D001B5246 /* App */ = {
			isa = PBXGroup;
			children = (
				D784BE2E2BBC2B0B001B5246 /* PracticeUIApp.swift */,
			);
			path = App;
			sourceTree = "<group>";
		};
		D784BE4F2BBC3B8A001B5246 /* Service */ = {
			isa = PBXGroup;
			children = (
				D784BE452BBC3560001B5246 /* DatabaseHelper.swift */,
			);
			path = Service;
			sourceTree = "<group>";
		};
		D784BE562BBD52EA001B5246 /* Spotify */ = {
			isa = PBXGroup;
			children = (
				D784BE622BBD94B4001B5246 /* Extentions */,
				D784BE5D2BBD608B001B5246 /* Model */,
				D784BE582BBD52F5001B5246 /* Components */,
				D784BE572BBD52EF001B5246 /* Core */,
			);
			path = Spotify;
			sourceTree = "<group>";
		};
		D784BE572BBD52EF001B5246 /* Core */ = {
			isa = PBXGroup;
			children = (
				D784BE592BBD5308001B5246 /* SpotifyHome.swift */,
				D784BE862BCEA591001B5246 /* SpotifyPlaylistView.swift */,
				D784BE8C2BCEC1A5001B5246 /* SongRowCell.swift */,
			);
			path = Core;
			sourceTree = "<group>";
		};
		D784BE582BBD52F5001B5246 /* Components */ = {
			isa = PBXGroup;
			children = (
				D784BE5B2BBD5E21001B5246 /* SpotifyCategoryCell.swift */,
				D784BE602BBD92C0001B5246 /* SpotifyRecentCell.swift */,
				D784BE682BC18F5B001B5246 /* SpotifyNewReleaseCell.swift */,
				D784BE842BCE892C001B5246 /* ImageTitleRowCell.swift */,
				D784BE882BCEA5C9001B5246 /* PlaylistHeaderCell.swift */,
				D784BE8A2BCEAFD3001B5246 /* PlaylistDescriptionCell.swift */,
			);
			path = Components;
			sourceTree = "<group>";
		};
		D784BE5D2BBD608B001B5246 /* Model */ = {
			isa = PBXGroup;
			children = (
				D784BE5E2BBD6097001B5246 /* Category.swift */,
			);
			path = Model;
			sourceTree = "<group>";
		};
		D784BE622BBD94B4001B5246 /* Extentions */ = {
			isa = PBXGroup;
			children = (
			);
			path = Extentions;
			sourceTree = "<group>";
		};
		D784BE652BC14D2D001B5246 /* Modal */ = {
			isa = PBXGroup;
			children = (
				D784BE662BC14D3B001B5246 /* MainView.swift */,
			);
			path = Modal;
			sourceTree = "<group>";
		};
		D784BE8E2BCFCA97001B5246 /* Bumble */ = {
			isa = PBXGroup;
			children = (
				D784BE902BCFCBF6001B5246 /* Core */,
				D784BE8F2BCFCBEB001B5246 /* Components */,
			);
			path = Bumble;
			sourceTree = "<group>";
		};
		D784BE8F2BCFCBEB001B5246 /* Components */ = {
			isa = PBXGroup;
			children = (
				D784BE932BCFD140001B5246 /* BumbleFilterView.swift */,
			);
			path = Components;
			sourceTree = "<group>";
		};
		D784BE902BCFCBF6001B5246 /* Core */ = {
			isa = PBXGroup;
			children = (
				D784BE912BCFCC01001B5246 /* BumbleHomeView.swift */,
			);
			path = Core;
			sourceTree = "<group>";
		};
/* End PBXGroup section */

/* Begin PBXNativeTarget section */
		D784BE2A2BBC2B0B001B5246 /* PracticeUI */ = {
			isa = PBXNativeTarget;
			buildConfigurationList = D784BE392BBC2B10001B5246 /* Build configuration list for PBXNativeTarget "PracticeUI" */;
			buildPhases = (
				D784BE272BBC2B0B001B5246 /* Sources */,
				D784BE282BBC2B0B001B5246 /* Frameworks */,
				D784BE292BBC2B0B001B5246 /* Resources */,
			);
			buildRules = (
			);
			dependencies = (
			);
			name = PracticeUI;
			packageProductDependencies = (
				D784BE3D2BBC2D27001B5246 /* SDWebImageSwiftUI */,
				D784BE512BBC3FA6001B5246 /* SwiftfulUI */,
				D784BE542BBC3FCB001B5246 /* SwiftfulRouting */,
			);
			productName = PracticeUI;
			productReference = D784BE2B2BBC2B0B001B5246 /* PracticeUI.app */;
			productType = "com.apple.product-type.application";
		};
/* End PBXNativeTarget section */

/* Begin PBXProject section */
		D784BE232BBC2B0B001B5246 /* Project object */ = {
			isa = PBXProject;
			attributes = {
				BuildIndependentTargetsInParallel = 1;
				LastSwiftUpdateCheck = 1530;
				LastUpgradeCheck = 1530;
				TargetAttributes = {
					D784BE2A2BBC2B0B001B5246 = {
						CreatedOnToolsVersion = 15.3;
					};
				};
			};
			buildConfigurationList = D784BE262BBC2B0B001B5246 /* Build configuration list for PBXProject "PracticeUI" */;
			compatibilityVersion = "Xcode 14.0";
			developmentRegion = en;
			hasScannedForEncodings = 0;
			knownRegions = (
				en,
				Base,
			);
			mainGroup = D784BE222BBC2B0B001B5246;
			packageReferences = (
				D784BE3C2BBC2D27001B5246 /* XCRemoteSwiftPackageReference "SDWebImageSwiftUI" */,
				D784BE502BBC3FA5001B5246 /* XCRemoteSwiftPackageReference "SwiftfulUI" */,
				D784BE532BBC3FCB001B5246 /* XCRemoteSwiftPackageReference "SwiftfulRouting" */,
			);
			productRefGroup = D784BE2C2BBC2B0B001B5246 /* Products */;
			projectDirPath = "";
			projectRoot = "";
			targets = (
				D784BE2A2BBC2B0B001B5246 /* PracticeUI */,
			);
		};
/* End PBXProject section */

/* Begin PBXResourcesBuildPhase section */
		D784BE292BBC2B0B001B5246 /* Resources */ = {
			isa = PBXResourcesBuildPhase;
			buildActionMask = 2147483647;
			files = (
				D784BE362BBC2B10001B5246 /* Preview Assets.xcassets in Resources */,
				D784BE332BBC2B10001B5246 /* Assets.xcassets in Resources */,
			);
			runOnlyForDeploymentPostprocessing = 0;
		};
/* End PBXResourcesBuildPhase section */

/* Begin PBXSourcesBuildPhase section */
		D784BE272BBC2B0B001B5246 /* Sources */ = {
			isa = PBXSourcesBuildPhase;
			buildActionMask = 2147483647;
			files = (
				D784BE312BBC2B0B001B5246 /* ContentView.swift in Sources */,
				D784BE672BC14D3B001B5246 /* MainView.swift in Sources */,
				D784BE922BCFCC01001B5246 /* BumbleHomeView.swift in Sources */,
				D784BE612BBD92C0001B5246 /* SpotifyRecentCell.swift in Sources */,
				D784BE5A2BBD5308001B5246 /* SpotifyHome.swift in Sources */,
				D784BE462BBC3560001B5246 /* DatabaseHelper.swift in Sources */,
				D784BE2F2BBC2B0B001B5246 /* PracticeUIApp.swift in Sources */,
				D784BE8D2BCEC1A5001B5246 /* SongRowCell.swift in Sources */,
				D784BE412BBC2DA1001B5246 /* ImageLoader.swift in Sources */,
				D784BE4D2BBC3B29001B5246 /* Quote.swift in Sources */,
				D784BE5C2BBD5E21001B5246 /* SpotifyCategoryCell.swift in Sources */,
				D784BE942BCFD140001B5246 /* BumbleFilterView.swift in Sources */,
				D784BE432BBC2DAA001B5246 /* Constants.swift in Sources */,
				D784BE8B2BCEAFD3001B5246 /* PlaylistDescriptionCell.swift in Sources */,
				D784BE492BBC357B001B5246 /* Product.swift in Sources */,
				D784BE852BCE892C001B5246 /* ImageTitleRowCell.swift in Sources */,
				D784BE692BC18F5B001B5246 /* SpotifyNewReleaseCell.swift in Sources */,
				D784BE4B2BBC3A83001B5246 /* User.swift in Sources */,
				D784BE5F2BBD6098001B5246 /* Category.swift in Sources */,
				D784BE892BCEA5C9001B5246 /* PlaylistHeaderCell.swift in Sources */,
				D784BE872BCEA591001B5246 /* SpotifyPlaylistView.swift in Sources */,
			);
			runOnlyForDeploymentPostprocessing = 0;
		};
/* End PBXSourcesBuildPhase section */

/* Begin XCBuildConfiguration section */
		D784BE372BBC2B10001B5246 /* Debug */ = {
			isa = XCBuildConfiguration;
			buildSettings = {
				ALWAYS_SEARCH_USER_PATHS = NO;
				ASSETCATALOG_COMPILER_GENERATE_SWIFT_ASSET_SYMBOL_EXTENSIONS = YES;
				CLANG_ANALYZER_NONNULL = YES;
				CLANG_ANALYZER_NUMBER_OBJECT_CONVERSION = YES_AGGRESSIVE;
				CLANG_CXX_LANGUAGE_STANDARD = "gnu++20";
				CLANG_ENABLE_MODULES = YES;
				CLANG_ENABLE_OBJC_ARC = YES;
				CLANG_ENABLE_OBJC_WEAK = YES;
				CLANG_WARN_BLOCK_CAPTURE_AUTORELEASING = YES;
				CLANG_WARN_BOOL_CONVERSION = YES;
				CLANG_WARN_COMMA = YES;
				CLANG_WARN_CONSTANT_CONVERSION = YES;
				CLANG_WARN_DEPRECATED_OBJC_IMPLEMENTATIONS = YES;
				CLANG_WARN_DIRECT_OBJC_ISA_USAGE = YES_ERROR;
				CLANG_WARN_DOCUMENTATION_COMMENTS = YES;
				CLANG_WARN_EMPTY_BODY = YES;
				CLANG_WARN_ENUM_CONVERSION = YES;
				CLANG_WARN_INFINITE_RECURSION = YES;
				CLANG_WARN_INT_CONVERSION = YES;
				CLANG_WARN_NON_LITERAL_NULL_CONVERSION = YES;
				CLANG_WARN_OBJC_IMPLICIT_RETAIN_SELF = YES;
				CLANG_WARN_OBJC_LITERAL_CONVERSION = YES;
				CLANG_WARN_OBJC_ROOT_CLASS = YES_ERROR;
				CLANG_WARN_QUOTED_INCLUDE_IN_FRAMEWORK_HEADER = YES;
				CLANG_WARN_RANGE_LOOP_ANALYSIS = YES;
				CLANG_WARN_STRICT_PROTOTYPES = YES;
				CLANG_WARN_SUSPICIOUS_MOVE = YES;
				CLANG_WARN_UNGUARDED_AVAILABILITY = YES_AGGRESSIVE;
				CLANG_WARN_UNREACHABLE_CODE = YES;
				CLANG_WARN__DUPLICATE_METHOD_MATCH = YES;
				COPY_PHASE_STRIP = NO;
				DEBUG_INFORMATION_FORMAT = dwarf;
				ENABLE_STRICT_OBJC_MSGSEND = YES;
				ENABLE_TESTABILITY = YES;
				ENABLE_USER_SCRIPT_SANDBOXING = YES;
				GCC_C_LANGUAGE_STANDARD = gnu17;
				GCC_DYNAMIC_NO_PIC = NO;
				GCC_NO_COMMON_BLOCKS = YES;
				GCC_OPTIMIZATION_LEVEL = 0;
				GCC_PREPROCESSOR_DEFINITIONS = (
					"DEBUG=1",
					"$(inherited)",
				);
				GCC_WARN_64_TO_32_BIT_CONVERSION = YES;
				GCC_WARN_ABOUT_RETURN_TYPE = YES_ERROR;
				GCC_WARN_UNDECLARED_SELECTOR = YES;
				GCC_WARN_UNINITIALIZED_AUTOS = YES_AGGRESSIVE;
				GCC_WARN_UNUSED_FUNCTION = YES;
				GCC_WARN_UNUSED_VARIABLE = YES;
				IPHONEOS_DEPLOYMENT_TARGET = 17.4;
				LOCALIZATION_PREFERS_STRING_CATALOGS = YES;
				MTL_ENABLE_DEBUG_INFO = INCLUDE_SOURCE;
				MTL_FAST_MATH = YES;
				ONLY_ACTIVE_ARCH = YES;
				SDKROOT = iphoneos;
				SWIFT_ACTIVE_COMPILATION_CONDITIONS = "DEBUG $(inherited)";
				SWIFT_OPTIMIZATION_LEVEL = "-Onone";
			};
			name = Debug;
		};
		D784BE382BBC2B10001B5246 /* Release */ = {
			isa = XCBuildConfiguration;
			buildSettings = {
				ALWAYS_SEARCH_USER_PATHS = NO;
				ASSETCATALOG_COMPILER_GENERATE_SWIFT_ASSET_SYMBOL_EXTENSIONS = YES;
				CLANG_ANALYZER_NONNULL = YES;
				CLANG_ANALYZER_NUMBER_OBJECT_CONVERSION = YES_AGGRESSIVE;
				CLANG_CXX_LANGUAGE_STANDARD = "gnu++20";
				CLANG_ENABLE_MODULES = YES;
				CLANG_ENABLE_OBJC_ARC = YES;
				CLANG_ENABLE_OBJC_WEAK = YES;
				CLANG_WARN_BLOCK_CAPTURE_AUTORELEASING = YES;
				CLANG_WARN_BOOL_CONVERSION = YES;
				CLANG_WARN_COMMA = YES;
				CLANG_WARN_CONSTANT_CONVERSION = YES;
				CLANG_WARN_DEPRECATED_OBJC_IMPLEMENTATIONS = YES;
				CLANG_WARN_DIRECT_OBJC_ISA_USAGE = YES_ERROR;
				CLANG_WARN_DOCUMENTATION_COMMENTS = YES;
				CLANG_WARN_EMPTY_BODY = YES;
				CLANG_WARN_ENUM_CONVERSION = YES;
				CLANG_WARN_INFINITE_RECURSION = YES;
				CLANG_WARN_INT_CONVERSION = YES;
				CLANG_WARN_NON_LITERAL_NULL_CONVERSION = YES;
				CLANG_WARN_OBJC_IMPLICIT_RETAIN_SELF = YES;
				CLANG_WARN_OBJC_LITERAL_CONVERSION = YES;
				CLANG_WARN_OBJC_ROOT_CLASS = YES_ERROR;
				CLANG_WARN_QUOTED_INCLUDE_IN_FRAMEWORK_HEADER = YES;
				CLANG_WARN_RANGE_LOOP_ANALYSIS = YES;
				CLANG_WARN_STRICT_PROTOTYPES = YES;
				CLANG_WARN_SUSPICIOUS_MOVE = YES;
				CLANG_WARN_UNGUARDED_AVAILABILITY = YES_AGGRESSIVE;
				CLANG_WARN_UNREACHABLE_CODE = YES;
				CLANG_WARN__DUPLICATE_METHOD_MATCH = YES;
				COPY_PHASE_STRIP = NO;
				DEBUG_INFORMATION_FORMAT = "dwarf-with-dsym";
				ENABLE_NS_ASSERTIONS = NO;
				ENABLE_STRICT_OBJC_MSGSEND = YES;
				ENABLE_USER_SCRIPT_SANDBOXING = YES;
				GCC_C_LANGUAGE_STANDARD = gnu17;
				GCC_NO_COMMON_BLOCKS = YES;
				GCC_WARN_64_TO_32_BIT_CONVERSION = YES;
				GCC_WARN_ABOUT_RETURN_TYPE = YES_ERROR;
				GCC_WARN_UNDECLARED_SELECTOR = YES;
				GCC_WARN_UNINITIALIZED_AUTOS = YES_AGGRESSIVE;
				GCC_WARN_UNUSED_FUNCTION = YES;
				GCC_WARN_UNUSED_VARIABLE = YES;
				IPHONEOS_DEPLOYMENT_TARGET = 17.4;
				LOCALIZATION_PREFERS_STRING_CATALOGS = YES;
				MTL_ENABLE_DEBUG_INFO = NO;
				MTL_FAST_MATH = YES;
				SDKROOT = iphoneos;
				SWIFT_COMPILATION_MODE = wholemodule;
				VALIDATE_PRODUCT = YES;
			};
			name = Release;
		};
		D784BE3A2BBC2B10001B5246 /* Debug */ = {
			isa = XCBuildConfiguration;
			buildSettings = {
				ASSETCATALOG_COMPILER_APPICON_NAME = AppIcon;
				ASSETCATALOG_COMPILER_GLOBAL_ACCENT_COLOR_NAME = AccentColor;
				CODE_SIGN_STYLE = Automatic;
				CURRENT_PROJECT_VERSION = 1;
				DEVELOPMENT_ASSET_PATHS = "\"PracticeUI/Preview Content\"";
				DEVELOPMENT_TEAM = 648U26QNYT;
				ENABLE_PREVIEWS = YES;
				GENERATE_INFOPLIST_FILE = YES;
				INFOPLIST_KEY_UIApplicationSceneManifest_Generation = YES;
				INFOPLIST_KEY_UIApplicationSupportsIndirectInputEvents = YES;
				INFOPLIST_KEY_UILaunchScreen_Generation = YES;
				INFOPLIST_KEY_UISupportedInterfaceOrientations_iPad = "UIInterfaceOrientationPortrait UIInterfaceOrientationPortraitUpsideDown UIInterfaceOrientationLandscapeLeft UIInterfaceOrientationLandscapeRight";
				INFOPLIST_KEY_UISupportedInterfaceOrientations_iPhone = "UIInterfaceOrientationPortrait UIInterfaceOrientationLandscapeLeft UIInterfaceOrientationLandscapeRight";
				LD_RUNPATH_SEARCH_PATHS = (
					"$(inherited)",
					"@executable_path/Frameworks",
				);
				MARKETING_VERSION = 1.0;
				PRODUCT_BUNDLE_IDENTIFIER = com.PracticeUI;
				PRODUCT_NAME = "$(TARGET_NAME)";
				SWIFT_EMIT_LOC_STRINGS = YES;
				SWIFT_VERSION = 5.0;
				TARGETED_DEVICE_FAMILY = "1,2";
			};
			name = Debug;
		};
		D784BE3B2BBC2B10001B5246 /* Release */ = {
			isa = XCBuildConfiguration;
			buildSettings = {
				ASSETCATALOG_COMPILER_APPICON_NAME = AppIcon;
				ASSETCATALOG_COMPILER_GLOBAL_ACCENT_COLOR_NAME = AccentColor;
				CODE_SIGN_STYLE = Automatic;
				CURRENT_PROJECT_VERSION = 1;
				DEVELOPMENT_ASSET_PATHS = "\"PracticeUI/Preview Content\"";
				DEVELOPMENT_TEAM = 648U26QNYT;
				ENABLE_PREVIEWS = YES;
				GENERATE_INFOPLIST_FILE = YES;
				INFOPLIST_KEY_UIApplicationSceneManifest_Generation = YES;
				INFOPLIST_KEY_UIApplicationSupportsIndirectInputEvents = YES;
				INFOPLIST_KEY_UILaunchScreen_Generation = YES;
				INFOPLIST_KEY_UISupportedInterfaceOrientations_iPad = "UIInterfaceOrientationPortrait UIInterfaceOrientationPortraitUpsideDown UIInterfaceOrientationLandscapeLeft UIInterfaceOrientationLandscapeRight";
				INFOPLIST_KEY_UISupportedInterfaceOrientations_iPhone = "UIInterfaceOrientationPortrait UIInterfaceOrientationLandscapeLeft UIInterfaceOrientationLandscapeRight";
				LD_RUNPATH_SEARCH_PATHS = (
					"$(inherited)",
					"@executable_path/Frameworks",
				);
				MARKETING_VERSION = 1.0;
				PRODUCT_BUNDLE_IDENTIFIER = com.PracticeUI;
				PRODUCT_NAME = "$(TARGET_NAME)";
				SWIFT_EMIT_LOC_STRINGS = YES;
				SWIFT_VERSION = 5.0;
				TARGETED_DEVICE_FAMILY = "1,2";
			};
			name = Release;
		};
/* End XCBuildConfiguration section */

/* Begin XCConfigurationList section */
		D784BE262BBC2B0B001B5246 /* Build configuration list for PBXProject "PracticeUI" */ = {
			isa = XCConfigurationList;
			buildConfigurations = (
				D784BE372BBC2B10001B5246 /* Debug */,
				D784BE382BBC2B10001B5246 /* Release */,
			);
			defaultConfigurationIsVisible = 0;
			defaultConfigurationName = Release;
		};
		D784BE392BBC2B10001B5246 /* Build configuration list for PBXNativeTarget "PracticeUI" */ = {
			isa = XCConfigurationList;
			buildConfigurations = (
				D784BE3A2BBC2B10001B5246 /* Debug */,
				D784BE3B2BBC2B10001B5246 /* Release */,
			);
			defaultConfigurationIsVisible = 0;
			defaultConfigurationName = Release;
		};
/* End XCConfigurationList section */

/* Begin XCRemoteSwiftPackageReference section */
		D784BE3C2BBC2D27001B5246 /* XCRemoteSwiftPackageReference "SDWebImageSwiftUI" */ = {
			isa = XCRemoteSwiftPackageReference;
			repositoryURL = "https://github.com/SDWebImage/SDWebImageSwiftUI.git";
			requirement = {
				kind = upToNextMajorVersion;
				minimumVersion = 3.0.2;
			};
		};
		D784BE502BBC3FA5001B5246 /* XCRemoteSwiftPackageReference "SwiftfulUI" */ = {
			isa = XCRemoteSwiftPackageReference;
			repositoryURL = "https://github.com/SwiftfulThinking/SwiftfulUI.git";
			requirement = {
				kind = upToNextMajorVersion;
				minimumVersion = 1.2.0;
			};
		};
		D784BE532BBC3FCB001B5246 /* XCRemoteSwiftPackageReference "SwiftfulRouting" */ = {
			isa = XCRemoteSwiftPackageReference;
			repositoryURL = "https://github.com/SwiftfulThinking/SwiftfulRouting.git";
			requirement = {
				kind = upToNextMajorVersion;
				minimumVersion = 5.3.2;
			};
		};
/* End XCRemoteSwiftPackageReference section */

/* Begin XCSwiftPackageProductDependency section */
		D784BE3D2BBC2D27001B5246 /* SDWebImageSwiftUI */ = {
			isa = XCSwiftPackageProductDependency;
			package = D784BE3C2BBC2D27001B5246 /* XCRemoteSwiftPackageReference "SDWebImageSwiftUI" */;
			productName = SDWebImageSwiftUI;
		};
		D784BE512BBC3FA6001B5246 /* SwiftfulUI */ = {
			isa = XCSwiftPackageProductDependency;
			package = D784BE502BBC3FA5001B5246 /* XCRemoteSwiftPackageReference "SwiftfulUI" */;
			productName = SwiftfulUI;
		};
		D784BE542BBC3FCB001B5246 /* SwiftfulRouting */ = {
			isa = XCSwiftPackageProductDependency;
			package = D784BE532BBC3FCB001B5246 /* XCRemoteSwiftPackageReference "SwiftfulRouting" */;
			productName = SwiftfulRouting;
		};
/* End XCSwiftPackageProductDependency section */
	};
	rootObject = D784BE232BBC2B0B001B5246 /* Project object */;
}
